{
  "name": "assets",
  "version": "1.0.0",
  "lockfileVersion": 1,
  "requires": true,
  "dependencies": {
    "@coreui/icons": {
      "version": "file:vendors/@coreui/icons",
      "integrity": "sha512-k3U1zzJwwKIH+LgSBD1y+GTbB3Rqen567GyNHNKxHHTke6r67n/s3K2nxgD8vX53WirfXzsz+8+mRipnzkplCA=="
    },
    "bootstrap-validator": {
      "version": "0.11.9",
      "resolved": "https://registry.npmjs.org/bootstrap-validator/-/bootstrap-validator-0.11.9.tgz",
      "integrity": "sha1-+3BY7vU2I+ePWqeWcCb5j4dalAQ="
    }
  }
}
